
Microsoft Visual Studio Solution File, Format Version 12.00
# Visual Studio 14
VisualStudioVersion = 14.0.24720.0
MinimumVisualStudioVersion = 10.0.40219.1
Project("{FAE04EC0-301F-11D3-BF4B-00C04F79EFBC}") = "OpaqueFunctions", "OpaqueFunctions\OpaqueFunctions.csproj", "{B21EAC56-FCE9-43FF-81A2-56F9791BC6B3}"
EndProject
Project("{FAE04EC0-301F-11D3-BF4B-00C04F79EFBC}") = "ModuleTests", "ModuleTests\ModuleTests.csproj", "{1CAF6FEC-6FA8-480F-9444-722567EDB04F}"
EndProject
Project("{FAE04EC0-301F-11D3-BF4B-00C04F79EFBC}") = "SummerPractice_2016", "src\SummerPractice_2016.csproj", "{60B39820-2CCF-4938-8D40-09860FEA359A}"
EndProject
Global
	GlobalSection(SolutionConfigurationPlatforms) = preSolution
		Debug|Any CPU = Debug|Any CPU
		Release|Any CPU = Release|Any CPU
	EndGlobalSection
	GlobalSection(ProjectConfigurationPlatforms) = postSolution
		{B21EAC56-FCE9-43FF-81A2-56F9791BC6B3}.Debug|Any CPU.ActiveCfg = Debug|Any CPU
		{B21EAC56-FCE9-43FF-81A2-56F9791BC6B3}.Debug|Any CPU.Build.0 = Debug|Any CPU
		{B21EAC56-FCE9-43FF-81A2-56F9791BC6B3}.Release|Any CPU.ActiveCfg = Release|Any CPU
		{B21EAC56-FCE9-43FF-81A2-56F9791BC6B3}.Release|Any CPU.Build.0 = Release|Any CPU
		{1CAF6FEC-6FA8-480F-9444-722567EDB04F}.Debug|Any CPU.ActiveCfg = Debug|Any CPU
		{1CAF6FEC-6FA8-480F-9444-722567EDB04F}.Debug|Any CPU.Build.0 = Debug|Any CPU
		{1CAF6FEC-6FA8-480F-9444-722567EDB04F}.Release|Any CPU.ActiveCfg = Release|Any CPU
		{1CAF6FEC-6FA8-480F-9444-722567EDB04F}.Release|Any CPU.Build.0 = Release|Any CPU
		{60B39820-2CCF-4938-8D40-09860FEA359A}.Debug|Any CPU.ActiveCfg = Debug|Any CPU
		{60B39820-2CCF-4938-8D40-09860FEA359A}.Debug|Any CPU.Build.0 = Debug|Any CPU
		{60B39820-2CCF-4938-8D40-09860FEA359A}.Release|Any CPU.ActiveCfg = Release|Any CPU
		{60B39820-2CCF-4938-8D40-09860FEA359A}.Release|Any CPU.Build.0 = Release|Any CPU
	EndGlobalSection
	GlobalSection(SolutionProperties) = preSolution
		HideSolutionNode = FALSE
	EndGlobalSection
EndGlobal
